lockfileVersion: '9.0'

settings:
  autoInstallPeers: true
  excludeLinksFromLockfile: false

importers:

  .:
    dependencies:
      bcrypt:
        specifier: ^6.0.0
        version: 6.0.0
      bcryptjs:
        specifier: ^3.0.3
        version: 3.0.3
      cors:
        specifier: ^2.8.6
        version: 2.8.6
      crypto:
        specifier: ^1.0.1
        version: 1.0.1
      dotenv:
        specifier: ^17.4.2
        version: 17.4.2
      express:
        specifier: ^5.2.1
        version: 5.2.1
      jsonwebtoken:
        specifier: ^9.0.3
        version: 9.0.3
      pg:
        specifier: ^8.20.0
        version: 8.20.0
      sequelize:
        specifier: ^6.37.8
        version: 6.37.8(pg@8.20.0)

packages:

  '@types/debug@4.1.13':
    resolution: {integrity: sha512-KSVgmQmzMwPlmtljOomayoR89W4FynCAi3E8PPs7vmDVPe84hT+vGPKkJfThkmXs0x0jAaa9U8uW8bbfyS2fWw==, tarball: https://artifactory.devops.xiaohongshu.com/artifactory/api/npm/npm-public/@types/debug/-/debug-4.1.13.tgz}

  '@types/ms@2.1.0':
    resolution: {integrity: sha1-BSqmekjszEMJ1/AZG35BQ0uQu3g=, tarball: https://artifactory.devops.xiaohongshu.com/artifactory/api/npm/npm-public/@types/ms/download/@types/ms-2.1.0.tgz}

  '@types/node@25.6.0':
    resolution: {integrity: sha1-Tgm62bRphx8tD2gUAZjL1xT07co=, tarball: https://artifactory.devops.xiaohongshu.com/artifactory/api/npm/npm-public/@types/node/download/@types/node-25.6.0.tgz}

  '@types/validator@13.15.10':
    resolution: {integrity: sha512-T8L6i7wCuyoK8A/ZeLYt1+q0ty3Zb9+qbSSvrIVitzT3YjZqkTZ40IbRsPanlB4h1QB3JVL1SYCdR6ngtFYcuA==, tarball: https://artifactory.devops.xiaohongshu.com/artifactory/api/npm/npm-public/@types/validator/-/validator-13.15.10.tgz}

  accepts@2.0.0:
    resolution: {integrity: sha512-5cvg6CtKwfgdmVqY1WIiXKc3Q1bkRqGLi+2W/6ao+6Y7gu/RCwRuAhGEzh5B4KlszSuTLgZYuqFqo5bImjNKng==, tarball: https://artifactory.devops.xiaohongshu.com/artifactory/api/npm/npm-public/accepts/-/accepts-2.0.0.tgz}
    engines: {node: '>= 0.6'}

  bcrypt@6.0.0:
    resolution: {integrity: sha512-cU8v/EGSrnH+HnxV2z0J7/blxH8gq7Xh2JFT6Aroax7UohdmiJJlxApMxtKfuI7z68NvvVcmR78k2LbT6efhRg==, tarball: https://artifactory.devops.xiaohongshu.com/artifactory/api/npm/npm-public/bcrypt/-/bcrypt-6.0.0.tgz}
    engines: {node: '>= 18'}

  bcryptjs@3.0.3:
    resolution: {integrity: sha512-GlF5wPWnSa/X5LKM1o0wz0suXIINz1iHRLvTS+sLyi7XPbe5ycmYI3DlZqVGZZtDgl4DmasFg7gOB3JYbphV5g==, tarball: https://artifactory.devops.xiaohongshu.com/artifactory/api/npm/npm-public/bcryptjs/-/bcryptjs-3.0.3.tgz}
    hasBin: true

  body-parser@2.2.2:
    resolution: {integrity: sha512-oP5VkATKlNwcgvxi0vM0p/D3n2C3EReYVX+DNYs5TjZFn/oQt2j+4sVJtSMr18pdRr8wjTcBl6LoV+FUwzPmNA==, tarball: https://artifactory.devops.xiaohongshu.com/artifactory/api/npm/npm-public/body-parser/-/body-parser-2.2.2.tgz}
    engines: {node: '>=18'}

  buffer-equal-constant-time@1.0.1:
    resolution: {integrity: sha1-+OcRMvf/5uAaXJaXpMbz5I1cyBk=, tarball: https://artifactory.devops.xiaohongshu.com/artifactory/api/npm/npm-public/buffer-equal-constant-time/download/buffer-equal-constant-time-1.0.1.tgz}

  bytes@3.1.2:
    resolution: {integrity: sha1-iwvuuYYFrfGxKPpDhkA8AJ4CIaU=, tarball: https://artifactory.devops.xiaohongshu.com/artifactory/api/npm/npm-public/bytes/download/bytes-3.1.2.tgz}
    engines: {node: '>= 0.8'}

  call-bind-apply-helpers@1.0.2:
    resolution: {integrity: sha1-S1QowiK+mF15w9gmV0edvgtZstY=, tarball: https://artifactory.devops.xiaohongshu.com/artifactory/api/npm/npm-public/call-bind-apply-helpers/download/call-bind-apply-helpers-1.0.2.tgz}
    engines: {node: '>= 0.4'}

  call-bound@1.0.4:
    resolution: {integrity: sha1-I43pNdKippKSjFOMfM+pEGf9Bio=, tarball: https://artifactory.devops.xiaohongshu.com/artifactory/api/npm/npm-public/call-bound/download/call-bound-1.0.4.tgz}
    engines: {node: '>= 0.4'}

  content-disposition@1.1.0:
    resolution: {integrity: sha512-5jRCH9Z/+DRP7rkvY83B+yGIGX96OYdJmzngqnw2SBSxqCFPd0w2km3s5iawpGX8krnwSGmF0FW5Nhr0Hfai3g==, tarball: https://artifactory.devops.xiaohongshu.com/artifactory/api/npm/npm-public/content-disposition/-/content-disposition-1.1.0.tgz}
    engines: {node: '>=18'}

  content-type@1.0.5:
    resolution: {integrity: sha1-i3cxYmVtHRCGeEyPI6VM5tc9eRg=, tarball: https://artifactory.devops.xiaohongshu.com/artifactory/api/npm/npm-public/content-type/download/content-type-1.0.5.tgz}
    engines: {node: '>= 0.6'}

  cookie-signature@1.2.2:
    resolution: {integrity: sha512-D76uU73ulSXrD1UXF4KE2TMxVVwhsnCgfAyTg9k8P6KGZjlXKrOLe4dJQKI3Bxi5wjesZoFXJWElNWBjPZMbhg==, tarball: https://artifactory.devops.xiaohongshu.com/artifactory/api/npm/npm-public/cookie-signature/-/cookie-signature-1.2.2.tgz}
    engines: {node: '>=6.6.0'}

  cookie@0.7.2:
    resolution: {integrity: sha512-yki5XnKuf750l50uGTllt6kKILY4nQ1eNIQatoXEByZ5dWgnKqbnqmTrBE5B4N7lrMJKQ2ytWMiTO2o0v6Ew/w==, tarball: https://artifactory.devops.xiaohongshu.com/artifactory/api/npm/npm-public/cookie/-/cookie-0.7.2.tgz}
    engines: {node: '>= 0.6'}

  cors@2.8.6:
    resolution: {integrity: sha512-tJtZBBHA6vjIAaF6EnIaq6laBBP9aq/Y3ouVJjEfoHbRBcHBAHYcMh/w8LDrk2PvIMMq8gmopa5D4V8RmbrxGw==, tarball: https://artifactory.devops.xiaohongshu.com/artifactory/api/npm/npm-public/cors/-/cors-2.8.6.tgz}
    engines: {node: '>= 0.10'}

  crypto@1.0.1:
    resolution: {integrity: sha1-KvG3ytgXXSTIobB3glV5SiGAMDc=, tarball: https://artifactory.devops.xiaohongshu.com/artifactory/api/npm/npm-public/crypto/download/crypto-1.0.1.tgz}
    deprecated: This package is no longer supported. It's now a built-in Node module. If you've depended on crypto, you should switch to the one that's built-in.

  debug@4.4.3:
    resolution: {integrity: sha1-xq5DLZvZZiWC/OCHCbA4xY6ePWo=, tarball: https://artifactory.devops.xiaohongshu.com/artifactory/api/npm/npm-public/debug/download/debug-4.4.3.tgz}
    engines: {node: '>=6.0'}
    peerDependencies:
      supports-color: '*'
    peerDependenciesMeta:
      supports-color:
        optional: true

  depd@2.0.0:
    resolution: {integrity: sha1-tpYWPMdXVg0JzyLMj60Vcbeedt8=, tarball: https://artifactory.devops.xiaohongshu.com/artifactory/api/npm/npm-public/depd/download/depd-2.0.0.tgz}
    engines: {node: '>= 0.8'}

  dotenv@17.4.2:
    resolution: {integrity: sha512-nI4U3TottKAcAD9LLud4Cb7b2QztQMUEfHbvhTH09bqXTxnSie8WnjPALV/WMCrJZ6UV/qHJ6L03OqO3LcdYZw==, tarball: https://artifactory.devops.xiaohongshu.com/artifactory/api/npm/npm-public/dotenv/-/dotenv-17.4.2.tgz}
    engines: {node: '>=12'}

  dottie@2.0.7:
    resolution: {integrity: sha512-7lAK2A0b3zZr3UC5aE69CPdCFR4RHW1o2Dr74TqFykxkUCBXSRJum/yPc7g8zRHJqWKomPLHwFLLoUnn8PXXRg==, tarball: https://artifactory.devops.xiaohongshu.com/artifactory/api/npm/npm-public/dottie/-/dottie-2.0.7.tgz}

  dunder-proto@1.0.1:
    resolution: {integrity: sha1-165mfh3INIL4tw/Q9u78UNow9Yo=, tarball: https://artifactory.devops.xiaohongshu.com/artifactory/api/npm/npm-public/dunder-proto/download/dunder-proto-1.0.1.tgz}
    engines: {node: '>= 0.4'}

  ecdsa-sig-formatter@1.0.11:
    resolution: {integrity: sha1-rg8PothQRe8UqBfao86azQSJ5b8=, tarball: https://artifactory.devops.xiaohongshu.com/artifactory/api/npm/npm-public/ecdsa-sig-formatter/download/ecdsa-sig-formatter-1.0.11.tgz}

  ee-first@1.1.1:
    resolution: {integrity: sha1-WQxhFWsK4vTwJVcyoViyZrxWsh0=, tarball: https://artifactory.devops.xiaohongshu.com/artifactory/api/npm/npm-public/ee-first/download/ee-first-1.1.1.tgz}

  encodeurl@2.0.0:
    resolution: {integrity: sha512-Q0n9HRi4m6JuGIV1eFlmvJB7ZEVxu93IrMyiMsGC0lrMJMWzRgx6WGquyfQgZVb31vhGgXnfmPNNXmxnOkRBrg==, tarball: https://artifactory.devops.xiaohongshu.com/artifactory/api/npm/npm-public/encodeurl/-/encodeurl-2.0.0.tgz}
    engines: {node: '>= 0.8'}

  es-define-property@1.0.1:
    resolution: {integrity: sha1-mD6y+aZyTpMD9hrd8BHHLgngsPo=, tarball: https://artifactory.devops.xiaohongshu.com/artifactory/api/npm/npm-public/es-define-property/download/es-define-property-1.0.1.tgz}
    engines: {node: '>= 0.4'}

  es-errors@1.3.0:
    resolution: {integrity: sha1-BfdaJdq5jk+x3NXhRywFRtUFfI8=, tarball: https://artifactory.devops.xiaohongshu.com/artifactory/api/npm/npm-public/es-errors/download/es-errors-1.3.0.tgz}
    engines: {node: '>= 0.4'}

  es-object-atoms@1.1.1:
    resolution: {integrity: sha1-HE8sSDcydZfOadLKGQp/3RcjOME=, tarball: https://artifactory.devops.xiaohongshu.com/artifactory/api/npm/npm-public/es-object-atoms/download/es-object-atoms-1.1.1.tgz}
    engines: {node: '>= 0.4'}

  escape-html@1.0.3:
    resolution: {integrity: sha1-Aljq5NPQwJdN4cFpGI7wBR0dGYg=, tarball: https://artifactory.devops.xiaohongshu.com/artifactory/api/npm/npm-public/escape-html/download/escape-html-1.0.3.tgz}

  etag@1.8.1:
    resolution: {integrity: sha1-Qa4u62XvpiJorr/qg6x9eSmbCIc=, tarball: https://artifactory.devops.xiaohongshu.com/artifactory/api/npm/npm-public/etag/download/etag-1.8.1.tgz}
    engines: {node: '>= 0.6'}

  express@5.2.1:
    resolution: {integrity: sha512-hIS4idWWai69NezIdRt2xFVofaF4j+6INOpJlVOLDO8zXGpUVEVzIYk12UUi2JzjEzWL3IOAxcTubgz9Po0yXw==, tarball: https://artifactory.devops.xiaohongshu.com/artifactory/api/npm/npm-public/express/-/express-5.2.1.tgz}
    engines: {node: '>= 18'}

  finalhandler@2.1.1:
    resolution: {integrity: sha512-S8KoZgRZN+a5rNwqTxlZZePjT/4cnm0ROV70LedRHZ0p8u9fRID0hJUZQpkKLzro8LfmC8sx23bY6tVNxv8pQA==, tarball: https://artifactory.devops.xiaohongshu.com/artifactory/api/npm/npm-public/finalhandler/-/finalhandler-2.1.1.tgz}
    engines: {node: '>= 18.0.0'}

  forwarded@0.2.0:
    resolution: {integrity: sha1-ImmTZCiq1MFcfr6XeahL8LKoGBE=, tarball: https://artifactory.devops.xiaohongshu.com/artifactory/api/npm/npm-public/forwarded/download/forwarded-0.2.0.tgz}
    engines: {node: '>= 0.6'}

  fresh@2.0.0:
    resolution: {integrity: sha512-Rx/WycZ60HOaqLKAi6cHRKKI7zxWbJ31MhntmtwMoaTeF7XFH9hhBp8vITaMidfljRQ6eYWCKkaTK+ykVJHP2A==, tarball: https://artifactory.devops.xiaohongshu.com/artifactory/api/npm/npm-public/fresh/-/fresh-2.0.0.tgz}
    engines: {node: '>= 0.8'}

  function-bind@1.1.2:
    resolution: {integrity: sha1-LALYZNl/PqbIgwxGTL0Rq26rehw=, tarball: https://artifactory.devops.xiaohongshu.com/artifactory/api/npm/npm-public/function-bind/download/function-bind-1.1.2.tgz}

  get-intrinsic@1.3.0:
    resolution: {integrity: sha1-dD8OO2lkqTpUke0b/6rgVNf5jQE=, tarball: https://artifactory.devops.xiaohongshu.com/artifactory/api/npm/npm-public/get-intrinsic/download/get-intrinsic-1.3.0.tgz}
    engines: {node: '>= 0.4'}

  get-proto@1.0.1:
    resolution: {integrity: sha1-FQs/J0OGnvPoUewMSdFbHRTQDuE=, tarball: https://artifactory.devops.xiaohongshu.com/artifactory/api/npm/npm-public/get-proto/download/get-proto-1.0.1.tgz}
    engines: {node: '>= 0.4'}

  gopd@1.2.0:
    resolution: {integrity: sha1-ifVrghe9vIgCvSmd9tfxCB1+UaE=, tarball: https://artifactory.devops.xiaohongshu.com/artifactory/api/npm/npm-public/gopd/download/gopd-1.2.0.tgz}
    engines: {node: '>= 0.4'}

  has-symbols@1.1.0:
    resolution: {integrity: sha1-/JxqeDoISVHQuXH+EBjegTcHozg=, tarball: https://artifactory.devops.xiaohongshu.com/artifactory/api/npm/npm-public/has-symbols/download/has-symbols-1.1.0.tgz}
    engines: {node: '>= 0.4'}

  hasown@2.0.2:
    resolution: {integrity: sha1-AD6vkb563DcuhOxZ3DclLO24AAM=, tarball: https://artifactory.devops.xiaohongshu.com/artifactory/api/npm/npm-public/hasown/download/hasown-2.0.2.tgz}
    engines: {node: '>= 0.4'}

  http-errors@2.0.1:
    resolution: {integrity: sha512-4FbRdAX+bSdmo4AUFuS0WNiPz8NgFt+r8ThgNWmlrjQjt1Q7ZR9+zTlce2859x4KSXrwIsaeTqDoKQmtP8pLmQ==, tarball: https://artifactory.devops.xiaohongshu.com/artifactory/api/npm/npm-public/http-errors/-/http-errors-2.0.1.tgz}
    engines: {node: '>= 0.8'}

  iconv-lite@0.7.2:
    resolution: {integrity: sha1-0L3qw/ErSDW3NZwq2JxCKk0cxy4=, tarball: https://artifactory.devops.xiaohongshu.com/artifactory/api/npm/npm-public/iconv-lite/download/iconv-lite-0.7.2.tgz}
    engines: {node: '>=0.10.0'}

  inflection@1.13.4:
    resolution: {integrity: sha1-ZappbE4tpiJbFI16FUxEk2ZjOjI=, tarball: https://artifactory.devops.xiaohongshu.com/artifactory/api/npm/npm-public/inflection/download/inflection-1.13.4.tgz}
    engines: {'0': node >= 0.4.0}

  inherits@2.0.4:
    resolution: {integrity: sha1-D6LGT5MpF8NDOg3tVTY6rjdBa3w=, tarball: https://artifactory.devops.xiaohongshu.com/artifactory/api/npm/npm-public/inherits/download/inherits-2.0.4.tgz}

  ipaddr.js@1.9.1:
    resolution: {integrity: sha1-v/OFQ+64mEglB5/zoqjmy9RngbM=, tarball: https://artifactory.devops.xiaohongshu.com/artifactory/api/npm/npm-public/ipaddr.js/download/ipaddr.js-1.9.1.tgz}
    engines: {node: '>= 0.10'}

  is-promise@4.0.0:
    resolution: {integrity: sha1-Qv+fhCBsGZHSbev1IN1cAQQt0vM=, tarball: https://artifactory.devops.xiaohongshu.com/artifactory/api/npm/npm-public/is-promise/download/is-promise-4.0.0.tgz}

  jsonwebtoken@9.0.3:
    resolution: {integrity: sha512-MT/xP0CrubFRNLNKvxJ2BYfy53Zkm++5bX9dtuPbqAeQpTVe0MQTFhao8+Cp//EmJp244xt6Drw/GVEGCUj40g==, tarball: https://artifactory.devops.xiaohongshu.com/artifactory/api/npm/npm-public/jsonwebtoken/-/jsonwebtoken-9.0.3.tgz}
    engines: {node: '>=12', npm: '>=6'}

  jwa@2.0.1:
    resolution: {integrity: sha512-hRF04fqJIP8Abbkq5NKGN0Bbr3JxlQ+qhZufXVr0DvujKy93ZCbXZMHDL4EOtodSbCWxOqR8MS1tXA5hwqCXDg==, tarball: https://artifactory.devops.xiaohongshu.com/artifactory/api/npm/npm-public/jwa/-/jwa-2.0.1.tgz}

  jws@4.0.1:
    resolution: {integrity: sha512-EKI/M/yqPncGUUh44xz0PxSidXFr/+r0pA70+gIYhjv+et7yxM+s29Y+VGDkovRofQem0fs7Uvf4+YmAdyRduA==, tarball: https://artifactory.devops.xiaohongshu.com/artifactory/api/npm/npm-public/jws/-/jws-4.0.1.tgz}

  lodash.includes@4.3.0:
    resolution: {integrity: sha1-YLuYqHy5I8aMoeUTJUgzFISfVT8=, tarball: https://artifactory.devops.xiaohongshu.com/artifactory/api/npm/npm-public/lodash.includes/download/lodash.includes-4.3.0.tgz}

  lodash.isboolean@3.0.3:
    resolution: {integrity: sha1-bC4XHbKiV82WgC/UOwGyDV9YcPY=, tarball: https://artifactory.devops.xiaohongshu.com/artifactory/api/npm/npm-public/lodash.isboolean/download/lodash.isboolean-3.0.3.tgz}

  lodash.isinteger@4.0.4:
    resolution: {integrity: sha1-YZwK89A/iwTDH1iChAt3sRzWg0M=, tarball: https://artifactory.devops.xiaohongshu.com/artifactory/api/npm/npm-public/lodash.isinteger/download/lodash.isinteger-4.0.4.tgz}

  lodash.isnumber@3.0.3:
    resolution: {integrity: sha1-POdoEMWSjQM1IwGsKHMX8RwLH/w=, tarball: https://artifactory.devops.xiaohongshu.com/artifactory/api/npm/npm-public/lodash.isnumber/download/lodash.isnumber-3.0.3.tgz}

  lodash.isplainobject@4.0.6:
    resolution: {integrity: sha1-fFJqUtibRcRcxpC4gWO+BJf1UMs=, tarball: https://artifactory.devops.xiaohongshu.com/artifactory/api/npm/npm-public/lodash.isplainobject/download/lodash.isplainobject-4.0.6.tgz}

  lodash.isstring@4.0.1:
    resolution: {integrity: sha1-1SfftUVuynzJu5XV2ur4i6VKVFE=, tarball: https://artifactory.devops.xiaohongshu.com/artifactory/api/npm/npm-public/lodash.isstring/download/lodash.isstring-4.0.1.tgz}

  lodash.once@4.1.1:
    resolution: {integrity: sha1-DdOXEhPHxW34gJd9UEyI+0cal6w=, tarball: https://artifactory.devops.xiaohongshu.com/artifactory/api/npm/npm-public/lodash.once/download/lodash.once-4.1.1.tgz}

  lodash@4.18.1:
    resolution: {integrity: sha512-dMInicTPVE8d1e5otfwmmjlxkZoUpiVLwyeTdUsi/Caj/gfzzblBcCE5sRHV/AsjuCmxWrte2TNGSYuCeCq+0Q==, tarball: https://artifactory.devops.xiaohongshu.com/artifactory/api/npm/npm-public/lodash/-/lodash-4.18.1.tgz}

  math-intrinsics@1.1.0:
    resolution: {integrity: sha1-oN10voHiqlwvJ+Zc4oNgXuTit/k=, tarball: https://artifactory.devops.xiaohongshu.com/artifactory/api/npm/npm-public/math-intrinsics/download/math-intrinsics-1.1.0.tgz}
    engines: {node: '>= 0.4'}

  media-typer@1.1.0:
    resolution: {integrity: sha1-ardLjy0zIPIGSyqHo455Mf86VWE=, tarball: https://artifactory.devops.xiaohongshu.com/artifactory/api/npm/npm-public/media-typer/download/media-typer-1.1.0.tgz}
    engines: {node: '>= 0.8'}

  merge-descriptors@2.0.0:
    resolution: {integrity: sha512-Snk314V5ayFLhp3fkUREub6WtjBfPdCPY1Ln8/8munuLuiYhsABgBVWsozAG+MWMbVEvcdcpbi9R7ww22l9Q3g==, tarball: https://artifactory.devops.xiaohongshu.com/artifactory/api/npm/npm-public/merge-descriptors/-/merge-descriptors-2.0.0.tgz}
    engines: {node: '>=18'}

  mime-db@1.54.0:
    resolution: {integrity: sha512-aU5EJuIN2WDemCcAp2vFBfp/m4EAhWJnUNSSw0ixs7/kXbd6Pg64EmwJkNdFhB8aWt1sH2CTXrLxo/iAGV3oPQ==, tarball: https://artifactory.devops.xiaohongshu.com/artifactory/api/npm/npm-public/mime-db/-/mime-db-1.54.0.tgz}
    engines: {node: '>= 0.6'}

  mime-types@3.0.2:
    resolution: {integrity: sha512-Lbgzdk0h4juoQ9fCKXW4by0UJqj+nOOrI9MJ1sSj4nI8aI2eo1qmvQEie4VD1glsS250n15LsWsYtCugiStS5A==, tarball: https://artifactory.devops.xiaohongshu.com/artifactory/api/npm/npm-public/mime-types/-/mime-types-3.0.2.tgz}
    engines: {node: '>=18'}

  moment-timezone@0.5.48:
    resolution: {integrity: sha512-f22b8LV1gbTO2ms2j2z13MuPogNoh5UzxL3nzNAYKGraILnbGc9NEE6dyiiiLv46DGRb8A4kg8UKWLjPthxBHw==, tarball: https://artifactory.devops.xiaohongshu.com/artifactory/api/npm/npm-public/moment-timezone/-/moment-timezone-0.5.48.tgz}

  moment@2.30.1:
    resolution: {integrity: sha512-uEmtNhbDOrWPFS+hdjFCBfy9f2YoyzRpwcl+DqpC6taX21FzsTLQVbMV/W7PzNSX6x/bhC1zA3c2UQ5NzH6how==, tarball: https://artifactory.devops.xiaohongshu.com/artifactory/api/npm/npm-public/moment/-/moment-2.30.1.tgz}

  ms@2.1.3:
    resolution: {integrity: sha1-V0yBOM4dK1hh8LRFedut1gxmFbI=, tarball: https://artifactory.devops.xiaohongshu.com/artifactory/api/npm/npm-public/ms/download/ms-2.1.3.tgz}

  negotiator@1.0.0:
    resolution: {integrity: sha1-tskbtHFy1p+Tz9fDV7u1KQGbX2o=, tarball: https://artifactory.devops.xiaohongshu.com/artifactory/api/npm/npm-public/negotiator/download/negotiator-1.0.0.tgz}
    engines: {node: '>= 0.6'}

  node-addon-api@8.7.0:
    resolution: {integrity: sha512-9MdFxmkKaOYVTV+XVRG8ArDwwQ77XIgIPyKASB1k3JPq3M8fGQQQE3YpMOrKm6g//Ktx8ivZr8xo1Qmtqub+GA==, tarball: https://artifactory.devops.xiaohongshu.com/artifactory/api/npm/npm-public/node-addon-api/-/node-addon-api-8.7.0.tgz}
    engines: {node: ^18 || ^20 || >= 21}

  node-gyp-build@4.8.4:
    resolution: {integrity: sha512-LA4ZjwlnUblHVgq0oBF3Jl/6h/Nvs5fzBLwdEF4nuxnFdsfajde4WfxtJr3CaiH+F6ewcIB/q4jQ4UzPyid+CQ==, tarball: https://artifactory.devops.xiaohongshu.com/artifactory/api/npm/npm-public/node-gyp-build/-/node-gyp-build-4.8.4.tgz}
    hasBin: true

  object-assign@4.1.1:
    resolution: {integrity: sha1-IQmtx5ZYh8/AXLvUQsrIv7s2CGM=, tarball: https://artifactory.devops.xiaohongshu.com/artifactory/api/npm/npm-public/object-assign/download/object-assign-4.1.1.tgz}
    engines: {node: '>=0.10.0'}

  object-inspect@1.13.4:
    resolution: {integrity: sha1-g3UmXiG8IND6WCwi4bE0hdbgAhM=, tarball: https://artifactory.devops.xiaohongshu.com/artifactory/api/npm/npm-public/object-inspect/download/object-inspect-1.13.4.tgz}
    engines: {node: '>= 0.4'}

  on-finished@2.4.1:
    resolution: {integrity: sha1-WMjEQRblSEWtV/FKsQsDUzGErD8=, tarball: https://artifactory.devops.xiaohongshu.com/artifactory/api/npm/npm-public/on-finished/download/on-finished-2.4.1.tgz}
    engines: {node: '>= 0.8'}

  once@1.4.0:
    resolution: {integrity: sha1-WDsap3WWHUsROsF9nFC6753Xa9E=, tarball: https://artifactory.devops.xiaohongshu.com/artifactory/api/npm/npm-public/once/download/once-1.4.0.tgz}

  parseurl@1.3.3:
    resolution: {integrity: sha1-naGee+6NEt/wUT7Vt2lXeTvC6NQ=, tarball: https://artifactory.devops.xiaohongshu.com/artifactory/api/npm/npm-public/parseurl/download/parseurl-1.3.3.tgz}
    engines: {node: '>= 0.8'}

  path-to-regexp@8.4.2:
    resolution: {integrity: sha1-eVxCDE98pFxbiHNm9iLuDJhSzM0=, tarball: https://artifactory.devops.xiaohongshu.com/artifactory/api/npm/npm-public/path-to-regexp/download/path-to-regexp-8.4.2.tgz}

  pg-cloudflare@1.3.0:
    resolution: {integrity: sha512-6lswVVSztmHiRtD6I8hw4qP/nDm1EJbKMRhf3HCYaqud7frGysPv7FYJ5noZQdhQtN2xJnimfMtvQq21pdbzyQ==, tarball: https://artifactory.devops.xiaohongshu.com/artifactory/api/npm/npm-public/pg-cloudflare/-/pg-cloudflare-1.3.0.tgz}

  pg-connection-string@2.12.0:
    resolution: {integrity: sha512-U7qg+bpswf3Cs5xLzRqbXbQl85ng0mfSV/J0nnA31MCLgvEaAo7CIhmeyrmJpOr7o+zm0rXK+hNnT5l9RHkCkQ==, tarball: https://artifactory.devops.xiaohongshu.com/artifactory/api/npm/npm-public/pg-connection-string/-/pg-connection-string-2.12.0.tgz}

  pg-int8@1.0.1:
    resolution: {integrity: sha1-lDvUY79bcbQXARX4D478mgwOt4w=, tarball: https://artifactory.devops.xiaohongshu.com/artifactory/api/npm/npm-public/pg-int8/download/pg-int8-1.0.1.tgz}
    engines: {node: '>=4.0.0'}

  pg-pool@3.13.0:
    resolution: {integrity: sha512-gB+R+Xud1gLFuRD/QgOIgGOBE2KCQPaPwkzBBGC9oG69pHTkhQeIuejVIk3/cnDyX39av2AxomQiyPT13WKHQA==, tarball: https://artifactory.devops.xiaohongshu.com/artifactory/api/npm/npm-public/pg-pool/-/pg-pool-3.13.0.tgz}
    peerDependencies:
      pg: '>=8.0'

  pg-protocol@1.13.0:
    resolution: {integrity: sha512-zzdvXfS6v89r6v7OcFCHfHlyG/wvry1ALxZo4LqgUoy7W9xhBDMaqOuMiF3qEV45VqsN6rdlcehHrfDtlCPc8w==, tarball: https://artifactory.devops.xiaohongshu.com/artifactory/api/npm/npm-public/pg-protocol/-/pg-protocol-1.13.0.tgz}

  pg-types@2.2.0:
    resolution: {integrity: sha1-LQJQ1jZFT3z6O2rgOC/fqAYyVKM=, tarball: https://artifactory.devops.xiaohongshu.com/artifactory/api/npm/npm-public/pg-types/download/pg-types-2.2.0.tgz}
    engines: {node: '>=4'}

  pg@8.20.0:
    resolution: {integrity: sha512-ldhMxz2r8fl/6QkXnBD3CR9/xg694oT6DZQ2s6c/RI28OjtSOpxnPrUCGOBJ46RCUxcWdx3p6kw/xnDHjKvaRA==, tarball: https://artifactory.devops.xiaohongshu.com/artifactory/api/npm/npm-public/pg/-/pg-8.20.0.tgz}
    engines: {node: '>= 16.0.0'}
    peerDependencies:
      pg-native: '>=3.0.1'
    peerDependenciesMeta:
      pg-native:
        optional: true

  pgpass@1.0.5:
    resolution: {integrity: sha1-m4c+SlZLsQ+np9vVUxJyjUIqIj0=, tarball: https://artifactory.devops.xiaohongshu.com/artifactory/api/npm/npm-public/pgpass/download/pgpass-1.0.5.tgz}

  postgres-array@2.0.0:
    resolution: {integrity: sha1-SPj84FT7xpZxmZMpuINLdyZS2C4=, tarball: https://artifactory.devops.xiaohongshu.com/artifactory/api/npm/npm-public/postgres-array/download/postgres-array-2.0.0.tgz}
    engines: {node: '>=4'}

  postgres-bytea@1.0.1:
    resolution: {integrity: sha512-5+5HqXnsZPE65IJZSMkZtURARZelel2oXUEO8rH83VS/hxH5vv1uHquPg5wZs8yMAfdv971IU+kcPUczi7NVBQ==, tarball: https://artifactory.devops.xiaohongshu.com/artifactory/api/npm/npm-public/postgres-bytea/-/postgres-bytea-1.0.1.tgz}
    engines: {node: '>=0.10.0'}

  postgres-date@1.0.7:
    resolution: {integrity: sha1-UbwIYAYAXlBhxZHO5yfyUxv2Qag=, tarball: https://artifactory.devops.xiaohongshu.com/artifactory/api/npm/npm-public/postgres-date/download/postgres-date-1.0.7.tgz}
    engines: {node: '>=0.10.0'}

  postgres-interval@1.2.0:
    resolution: {integrity: sha1-tGDILLFYdQd4iBmgaqD//bNURpU=, tarball: https://artifactory.devops.xiaohongshu.com/artifactory/api/npm/npm-public/postgres-interval/download/postgres-interval-1.2.0.tgz}
    engines: {node: '>=0.10.0'}

  proxy-addr@2.0.7:
    resolution: {integrity: sha1-8Z/mnOqzEe65S0LnDowgcPm6ECU=, tarball: https://artifactory.devops.xiaohongshu.com/artifactory/api/npm/npm-public/proxy-addr/download/proxy-addr-2.0.7.tgz}
    engines: {node: '>= 0.10'}

  qs@6.15.1:
    resolution: {integrity: sha512-6YHEFRL9mfgcAvql/XhwTvf5jKcOiiupt2FiJxHkiX1z4j7WL8J/jRHYLluORvc1XxB5rV20KoeK00gVJamspg==, tarball: https://artifactory.devops.xiaohongshu.com/artifactory/api/npm/npm-public/qs/-/qs-6.15.1.tgz}
    engines: {node: '>=0.6'}

  range-parser@1.2.1:
    resolution: {integrity: sha1-PPNwI9GZ4cJNGlW4SADC8+ZGgDE=, tarball: https://artifactory.devops.xiaohongshu.com/artifactory/api/npm/npm-public/range-parser/download/range-parser-1.2.1.tgz}
    engines: {node: '>= 0.6'}

  raw-body@3.0.2:
    resolution: {integrity: sha512-K5zQjDllxWkf7Z5xJdV0/B0WTNqx6vxG70zJE4N0kBs4LovmEYWJzQGxC9bS9RAKu3bgM40lrd5zoLJ12MQ5BA==, tarball: https://artifactory.devops.xiaohongshu.com/artifactory/api/npm/npm-public/raw-body/-/raw-body-3.0.2.tgz}
    engines: {node: '>= 0.10'}

  retry-as-promised@7.1.1:
    resolution: {integrity: sha512-hMD7odLOt3LkTjcif8aRZqi/hybjpLNgSk5oF5FCowfCjok6LukpN2bDX7R5wDmbgBQFn7YoBxSagmtXHaJYJw==, tarball: https://artifactory.devops.xiaohongshu.com/artifactory/api/npm/npm-public/retry-as-promised/-/retry-as-promised-7.1.1.tgz}

  router@2.2.0:
    resolution: {integrity: sha512-nLTrUKm2UyiL7rlhapu/Zl45FwNgkZGaCpZbIHajDYgwlJCOzLSk+cIPAnsEqV955GjILJnKbdQC1nVPz+gAYQ==, tarball: https://artifactory.devops.xiaohongshu.com/artifactory/api/npm/npm-public/router/-/router-2.2.0.tgz}
    engines: {node: '>= 18'}

  safe-buffer@5.2.1:
    resolution: {integrity: sha1-Hq+fqb2x/dTsdfWPnNtOa3gn7sY=, tarball: https://artifactory.devops.xiaohongshu.com/artifactory/api/npm/npm-public/safe-buffer/download/safe-buffer-5.2.1.tgz}

  safer-buffer@2.1.2:
    resolution: {integrity: sha1-RPoWGwGHuVSd2Eu5GAL5vYOFzWo=, tarball: https://artifactory.devops.xiaohongshu.com/artifactory/api/npm/npm-public/safer-buffer/download/safer-buffer-2.1.2.tgz}

  semver@7.7.4:
    resolution: {integrity: sha1-KEZONgYOmR+noR0CedLT87V6foo=, tarball: https://artifactory.devops.xiaohongshu.com/artifactory/api/npm/npm-public/semver/download/semver-7.7.4.tgz}
    engines: {node: '>=10'}
    hasBin: true

  send@1.2.1:
    resolution: {integrity: sha512-1gnZf7DFcoIcajTjTwjwuDjzuz4PPcY2StKPlsGAQ1+YH20IRVrBaXSWmdjowTJ6u8Rc01PoYOGHXfP1mYcZNQ==, tarball: https://artifactory.devops.xiaohongshu.com/artifactory/api/npm/npm-public/send/-/send-1.2.1.tgz}
    engines: {node: '>= 18'}

  sequelize-pool@7.1.0:
    resolution: {integrity: sha1-IQs5GvQAJ2L4IxiP1uz8dBMCB2g=, tarball: https://artifactory.devops.xiaohongshu.com/artifactory/api/npm/npm-public/sequelize-pool/download/sequelize-pool-7.1.0.tgz}
    engines: {node: '>= 10.0.0'}

  sequelize@6.37.8:
    resolution: {integrity: sha512-HJ0IQFqcTsTiqbEgiuioYFMSD00TP6Cz7zoTti+zVVBwVe9fEhev9cH6WnM3XU31+ABS356durAb99ZuOthnKw==, tarball: https://artifactory.devops.xiaohongshu.com/artifactory/api/npm/npm-public/sequelize/-/sequelize-6.37.8.tgz}
    engines: {node: '>=10.0.0'}
    peerDependencies:
      ibm_db: '*'
      mariadb: '*'
      mysql2: '*'
      oracledb: '*'
      pg: '*'
      pg-hstore: '*'
      snowflake-sdk: '*'
      sqlite3: '*'
      tedious: '*'
    peerDependenciesMeta:
      ibm_db:
        optional: true
      mariadb:
        optional: true
      mysql2:
        optional: true
      oracledb:
        optional: true
      pg:
        optional: true
      pg-hstore:
        optional: true
      snowflake-sdk:
        optional: true
      sqlite3:
        optional: true
      tedious:
        optional: true

  serve-static@2.2.1:
    resolution: {integrity: sha512-xRXBn0pPqQTVQiC8wyQrKs2MOlX24zQ0POGaj0kultvoOCstBQM5yvOhAVSUwOMjQtTvsPWoNCHfPGwaaQJhTw==, tarball: https://artifactory.devops.xiaohongshu.com/artifactory/api/npm/npm-public/serve-static/-/serve-static-2.2.1.tgz}
    engines: {node: '>= 18'}

  setprototypeof@1.2.0:
    resolution: {integrity: sha1-ZsmiSnP5/CjL5msJ/tPTPcrxtCQ=, tarball: https://artifactory.devops.xiaohongshu.com/artifactory/api/npm/npm-public/setprototypeof/download/setprototypeof-1.2.0.tgz}

  side-channel-list@1.0.1:
    resolution: {integrity: sha512-mjn/0bi/oUURjc5Xl7IaWi/OJJJumuoJFQJfDDyO46+hBWsfaVM65TBHq2eoZBhzl9EchxOijpkbRC8SVBQU0w==, tarball: https://artifactory.devops.xiaohongshu.com/artifactory/api/npm/npm-public/side-channel-list/-/side-channel-list-1.0.1.tgz}
    engines: {node: '>= 0.4'}

  side-channel-map@1.0.1:
    resolution: {integrity: sha1-1rtrN5Asb+9RdOX1M/q0xzKib0I=, tarball: https://artifactory.devops.xiaohongshu.com/artifactory/api/npm/npm-public/side-channel-map/download/side-channel-map-1.0.1.tgz}
    engines: {node: '>= 0.4'}

  side-channel-weakmap@1.0.2:
    resolution: {integrity: sha1-Ed2hnVNo5Azp7CvcH7DsvAeQ7Oo=, tarball: https://artifactory.devops.xiaohongshu.com/artifactory/api/npm/npm-public/side-channel-weakmap/download/side-channel-weakmap-1.0.2.tgz}
    engines: {node: '>= 0.4'}

  side-channel@1.1.0:
    resolution: {integrity: sha1-w/z/nE2pMnhIczNeyXZfqU/2a8k=, tarball: https://artifactory.devops.xiaohongshu.com/artifactory/api/npm/npm-public/side-channel/download/side-channel-1.1.0.tgz}
    engines: {node: '>= 0.4'}

  split2@4.2.0:
    resolution: {integrity: sha1-ycWSCQTRSLqwufZxRfJFqGqtv6Q=, tarball: https://artifactory.devops.xiaohongshu.com/artifactory/api/npm/npm-public/split2/download/split2-4.2.0.tgz}
    engines: {node: '>= 10.x'}

  statuses@2.0.2:
    resolution: {integrity: sha512-DvEy55V3DB7uknRo+4iOGT5fP1slR8wQohVdknigZPMpMstaKJQWhwiYBACJE3Ul2pTnATihhBYnRhZQHGBiRw==, tarball: https://artifactory.devops.xiaohongshu.com/artifactory/api/npm/npm-public/statuses/-/statuses-2.0.2.tgz}
    engines: {node: '>= 0.8'}

  toidentifier@1.0.1:
    resolution: {integrity: sha1-O+NDIaiKgg7RvYDfqjPkefu43TU=, tarball: https://artifactory.devops.xiaohongshu.com/artifactory/api/npm/npm-public/toidentifier/download/toidentifier-1.0.1.tgz}
    engines: {node: '>=0.6'}

  toposort-class@1.0.1:
    resolution: {integrity: sha1-f/0feMi+KMO6Rc1OGj9e4ZO9mYg=, tarball: https://artifactory.devops.xiaohongshu.com/artifactory/api/npm/npm-public/toposort-class/download/toposort-class-1.0.1.tgz}

  type-is@2.0.1:
    resolution: {integrity: sha512-OZs6gsjF4vMp32qrCbiVSkrFmXtG/AZhY3t0iAMrMBiAZyV9oALtXO8hsrHbMXF9x6L3grlFuwW2oAz7cav+Gw==, tarball: https://artifactory.devops.xiaohongshu.com/artifactory/api/npm/npm-public/type-is/-/type-is-2.0.1.tgz}
    engines: {node: '>= 0.6'}

  undici-types@7.19.2:
    resolution: {integrity: sha1-G2f8JtDxV6DLo6WKW1weIna4uio=, tarball: https://artifactory.devops.xiaohongshu.com/artifactory/api/npm/npm-public/undici-types/download/undici-types-7.19.2.tgz}

  unpipe@1.0.0:
    resolution: {integrity: sha1-sr9O6FFKrmFltIF4KdIbLvSZBOw=, tarball: https://artifactory.devops.xiaohongshu.com/artifactory/api/npm/npm-public/unpipe/download/unpipe-1.0.0.tgz}
    engines: {node: '>= 0.8'}

  uuid@8.3.2:
    resolution: {integrity: sha1-gNW1ztJxu5r2xEXyGhoExgbO++I=, tarball: https://artifactory.devops.xiaohongshu.com/artifactory/api/npm/npm-public/uuid/download/uuid-8.3.2.tgz}
    hasBin: true

  validator@13.15.35:
    resolution: {integrity: sha512-TQ5pAGhd5whStmqWvYF4OjQROlmv9SMFVt37qoCBdqRffuuklWYQlCNnEs2ZaIBD1kZRNnikiZOS1eqgkar0iw==, tarball: https://artifactory.devops.xiaohongshu.com/artifactory/api/npm/npm-public/validator/-/validator-13.15.35.tgz}
    engines: {node: '>= 0.10'}

  vary@1.1.2:
    resolution: {integrity: sha1-IpnwLG3tMNSllhsLn3RSShj2NPw=, tarball: https://artifactory.devops.xiaohongshu.com/artifactory/api/npm/npm-public/vary/download/vary-1.1.2.tgz}
    engines: {node: '>= 0.8'}

  wkx@0.5.0:
    resolution: {integrity: sha1-xsNwGaz0DlF8xrlGV6JaPUqjPow=, tarball: https://artifactory.devops.xiaohongshu.com/artifactory/api/npm/npm-public/wkx/download/wkx-0.5.0.tgz}

  wrappy@1.0.2:
    resolution: {integrity: sha1-tSQ9jz7BqjXxNkYFvA0QNuMKtp8=, tarball: https://artifactory.devops.xiaohongshu.com/artifactory/api/npm/npm-public/wrappy/download/wrappy-1.0.2.tgz}

  xtend@4.0.2:
    resolution: {integrity: sha1-u3J3n1+kZRhrH0OPZ0+jR/2121Q=, tarball: https://artifactory.devops.xiaohongshu.com/artifactory/api/npm/npm-public/xtend/download/xtend-4.0.2.tgz}
    engines: {node: '>=0.4'}

snapshots:

  '@types/debug@4.1.13':
    dependencies:
      '@types/ms': 2.1.0

  '@types/ms@2.1.0': {}

  '@types/node@25.6.0':
    dependencies:
      undici-types: 7.19.2

  '@types/validator@13.15.10': {}

  accepts@2.0.0:
    dependencies:
      mime-types: 3.0.2
      negotiator: 1.0.0

  bcrypt@6.0.0:
    dependencies:
      node-addon-api: 8.7.0
      node-gyp-build: 4.8.4

  bcryptjs@3.0.3: {}

  body-parser@2.2.2:
    dependencies:
      bytes: 3.1.2
      content-type: 1.0.5
      debug: 4.4.3
      http-errors: 2.0.1
      iconv-lite: 0.7.2
      on-finished: 2.4.1
      qs: 6.15.1
      raw-body: 3.0.2
      type-is: 2.0.1
    transitivePeerDependencies:
      - supports-color

  buffer-equal-constant-time@1.0.1: {}

  bytes@3.1.2: {}

  call-bind-apply-helpers@1.0.2:
    dependencies:
      es-errors: 1.3.0
      function-bind: 1.1.2

  call-bound@1.0.4:
    dependencies:
      call-bind-apply-helpers: 1.0.2
      get-intrinsic: 1.3.0

  content-disposition@1.1.0: {}

  content-type@1.0.5: {}

  cookie-signature@1.2.2: {}

  cookie@0.7.2: {}

  cors@2.8.6:
    dependencies:
      object-assign: 4.1.1
      vary: 1.1.2

  crypto@1.0.1: {}

  debug@4.4.3:
    dependencies:
      ms: 2.1.3

  depd@2.0.0: {}

  dotenv@17.4.2: {}

  dottie@2.0.7: {}

  dunder-proto@1.0.1:
    dependencies:
      call-bind-apply-helpers: 1.0.2
      es-errors: 1.3.0
      gopd: 1.2.0

  ecdsa-sig-formatter@1.0.11:
    dependencies:
      safe-buffer: 5.2.1

  ee-first@1.1.1: {}

  encodeurl@2.0.0: {}

  es-define-property@1.0.1: {}

  es-errors@1.3.0: {}

  es-object-atoms@1.1.1:
    dependencies:
      es-errors: 1.3.0

  escape-html@1.0.3: {}

  etag@1.8.1: {}

  express@5.2.1:
    dependencies:
      accepts: 2.0.0
      body-parser: 2.2.2
      content-disposition: 1.1.0
      content-type: 1.0.5
      cookie: 0.7.2
      cookie-signature: 1.2.2
      debug: 4.4.3
      depd: 2.0.0
      encodeurl: 2.0.0
      escape-html: 1.0.3
      etag: 1.8.1
      finalhandler: 2.1.1
      fresh: 2.0.0
      http-errors: 2.0.1
      merge-descriptors: 2.0.0
      mime-types: 3.0.2
      on-finished: 2.4.1
      once: 1.4.0
      parseurl: 1.3.3
      proxy-addr: 2.0.7
      qs: 6.15.1
      range-parser: 1.2.1
      router: 2.2.0
      send: 1.2.1
      serve-static: 2.2.1
      statuses: 2.0.2
      type-is: 2.0.1
      vary: 1.1.2
    transitivePeerDependencies:
      - supports-color

  finalhandler@2.1.1:
    dependencies:
      debug: 4.4.3
      encodeurl: 2.0.0
      escape-html: 1.0.3
      on-finished: 2.4.1
      parseurl: 1.3.3
      statuses: 2.0.2
    transitivePeerDependencies:
      - supports-color

  forwarded@0.2.0: {}

  fresh@2.0.0: {}

  function-bind@1.1.2: {}

  get-intrinsic@1.3.0:
    dependencies:
      call-bind-apply-helpers: 1.0.2
      es-define-property: 1.0.1
      es-errors: 1.3.0
      es-object-atoms: 1.1.1
      function-bind: 1.1.2
      get-proto: 1.0.1
      gopd: 1.2.0
      has-symbols: 1.1.0
      hasown: 2.0.2
      math-intrinsics: 1.1.0

  get-proto@1.0.1:
    dependencies:
      dunder-proto: 1.0.1
      es-object-atoms: 1.1.1

  gopd@1.2.0: {}

  has-symbols@1.1.0: {}

  hasown@2.0.2:
    dependencies:
      function-bind: 1.1.2

  http-errors@2.0.1:
    dependencies:
      depd: 2.0.0
      inherits: 2.0.4
      setprototypeof: 1.2.0
      statuses: 2.0.2
      toidentifier: 1.0.1

  iconv-lite@0.7.2:
    dependencies:
      safer-buffer: 2.1.2

  inflection@1.13.4: {}

  inherits@2.0.4: {}

  ipaddr.js@1.9.1: {}

  is-promise@4.0.0: {}

  jsonwebtoken@9.0.3:
    dependencies:
      jws: 4.0.1
      lodash.includes: 4.3.0
      lodash.isboolean: 3.0.3
      lodash.isinteger: 4.0.4
      lodash.isnumber: 3.0.3
      lodash.isplainobject: 4.0.6
      lodash.isstring: 4.0.1
      lodash.once: 4.1.1
      ms: 2.1.3
      semver: 7.7.4

  jwa@2.0.1:
    dependencies:
      buffer-equal-constant-time: 1.0.1
      ecdsa-sig-formatter: 1.0.11
      safe-buffer: 5.2.1

  jws@4.0.1:
    dependencies:
      jwa: 2.0.1
      safe-buffer: 5.2.1

  lodash.includes@4.3.0: {}

  lodash.isboolean@3.0.3: {}

  lodash.isinteger@4.0.4: {}

  lodash.isnumber@3.0.3: {}

  lodash.isplainobject@4.0.6: {}

  lodash.isstring@4.0.1: {}

  lodash.once@4.1.1: {}

  lodash@4.18.1: {}

  math-intrinsics@1.1.0: {}

  media-typer@1.1.0: {}

  merge-descriptors@2.0.0: {}

  mime-db@1.54.0: {}

  mime-types@3.0.2:
    dependencies:
      mime-db: 1.54.0

  moment-timezone@0.5.48:
    dependencies:
      moment: 2.30.1

  moment@2.30.1: {}

  ms@2.1.3: {}

  negotiator@1.0.0: {}

  node-addon-api@8.7.0: {}

  node-gyp-build@4.8.4: {}

  object-assign@4.1.1: {}

  object-inspect@1.13.4: {}

  on-finished@2.4.1:
    dependencies:
      ee-first: 1.1.1

  once@1.4.0:
    dependencies:
      wrappy: 1.0.2

  parseurl@1.3.3: {}

  path-to-regexp@8.4.2: {}

  pg-cloudflare@1.3.0:
    optional: true

  pg-connection-string@2.12.0: {}

  pg-int8@1.0.1: {}

  pg-pool@3.13.0(pg@8.20.0):
    dependencies:
      pg: 8.20.0

  pg-protocol@1.13.0: {}

  pg-types@2.2.0:
    dependencies:
      pg-int8: 1.0.1
      postgres-array: 2.0.0
      postgres-bytea: 1.0.1
      postgres-date: 1.0.7
      postgres-interval: 1.2.0

  pg@8.20.0:
    dependencies:
      pg-connection-string: 2.12.0
      pg-pool: 3.13.0(pg@8.20.0)
      pg-protocol: 1.13.0
      pg-types: 2.2.0
      pgpass: 1.0.5
    optionalDependencies:
      pg-cloudflare: 1.3.0

  pgpass@1.0.5:
    dependencies:
      split2: 4.2.0

  postgres-array@2.0.0: {}

  postgres-bytea@1.0.1: {}

  postgres-date@1.0.7: {}

  postgres-interval@1.2.0:
    dependencies:
      xtend: 4.0.2

  proxy-addr@2.0.7:
    dependencies:
      forwarded: 0.2.0
      ipaddr.js: 1.9.1

  qs@6.15.1:
    dependencies:
      side-channel: 1.1.0

  range-parser@1.2.1: {}

  raw-body@3.0.2:
    dependencies:
      bytes: 3.1.2
      http-errors: 2.0.1
      iconv-lite: 0.7.2
      unpipe: 1.0.0

  retry-as-promised@7.1.1: {}

  router@2.2.0:
    dependencies:
      debug: 4.4.3
      depd: 2.0.0
      is-promise: 4.0.0
      parseurl: 1.3.3
      path-to-regexp: 8.4.2
    transitivePeerDependencies:
      - supports-color

  safe-buffer@5.2.1: {}

  safer-buffer@2.1.2: {}

  semver@7.7.4: {}

  send@1.2.1:
    dependencies:
      debug: 4.4.3
      encodeurl: 2.0.0
      escape-html: 1.0.3
      etag: 1.8.1
      fresh: 2.0.0
      http-errors: 2.0.1
      mime-types: 3.0.2
      ms: 2.1.3
      on-finished: 2.4.1
      range-parser: 1.2.1
      statuses: 2.0.2
    transitivePeerDependencies:
      - supports-color

  sequelize-pool@7.1.0: {}

  sequelize@6.37.8(pg@8.20.0):
    dependencies:
      '@types/debug': 4.1.13
      '@types/validator': 13.15.10
      debug: 4.4.3
      dottie: 2.0.7
      inflection: 1.13.4
      lodash: 4.18.1
      moment: 2.30.1
      moment-timezone: 0.5.48
      pg-connection-string: 2.12.0
      retry-as-promised: 7.1.1
      semver: 7.7.4
      sequelize-pool: 7.1.0
      toposort-class: 1.0.1
      uuid: 8.3.2
      validator: 13.15.35
      wkx: 0.5.0
    optionalDependencies:
      pg: 8.20.0
    transitivePeerDependencies:
      - supports-color

  serve-static@2.2.1:
    dependencies:
      encodeurl: 2.0.0
      escape-html: 1.0.3
      parseurl: 1.3.3
      send: 1.2.1
    transitivePeerDependencies:
      - supports-color

  setprototypeof@1.2.0: {}

  side-channel-list@1.0.1:
    dependencies:
      es-errors: 1.3.0
      object-inspect: 1.13.4

  side-channel-map@1.0.1:
    dependencies:
      call-bound: 1.0.4
      es-errors: 1.3.0
      get-intrinsic: 1.3.0
      object-inspect: 1.13.4

  side-channel-weakmap@1.0.2:
    dependencies:
      call-bound: 1.0.4
      es-errors: 1.3.0
      get-intrinsic: 1.3.0
      object-inspect: 1.13.4
      side-channel-map: 1.0.1

  side-channel@1.1.0:
    dependencies:
      es-errors: 1.3.0
      object-inspect: 1.13.4
      side-channel-list: 1.0.1
      side-channel-map: 1.0.1
      side-channel-weakmap: 1.0.2

  split2@4.2.0: {}

  statuses@2.0.2: {}

  toidentifier@1.0.1: {}

  toposort-class@1.0.1: {}

  type-is@2.0.1:
    dependencies:
      content-type: 1.0.5
      media-typer: 1.1.0
      mime-types: 3.0.2

  undici-types@7.19.2: {}

  unpipe@1.0.0: {}

  uuid@8.3.2: {}

  validator@13.15.35: {}

  vary@1.1.2: {}

  wkx@0.5.0:
    dependencies:
      '@types/node': 25.6.0

  wrappy@1.0.2: {}

  xtend@4.0.2: {}
